
Microsoft Visual Studio Solution File, Format Version 12.00
Project("{F2A71F9B-5D33-465A-A702-920D77279786}") = "Utils", "Utils\Utils.fsproj", "{3E7494B6-2DB3-47E0-A9FF-C71BF394526B}"
EndProject
Project("{F2A71F9B-5D33-465A-A702-920D77279786}") = "Day1", "Day1\Day1.fsproj", "{54D3F92D-4C80-4401-99C6-D5D918F19E23}"
EndProject
Project("{F2A71F9B-5D33-465A-A702-920D77279786}") = "Day2", "Day2\Day2.fsproj", "{2CC26D9C-1350-4F09-967B-A929F147CAC7}"
EndProject
Project("{F2A71F9B-5D33-465A-A702-920D77279786}") = "Day3", "Day3\Day3.fsproj", "{B573679C-0903-472E-8790-42F21B21D087}"
EndProject
Project("{F2A71F9B-5D33-465A-A702-920D77279786}") = "Day4", "Day4\Day4.fsproj", "{A937317E-C41A-4F6D-B7B3-F48044EC27FA}"
EndProject
Project("{F2A71F9B-5D33-465A-A702-920D77279786}") = "Day5", "Day5\Day5.fsproj", "{BFF488E6-F779-46C6-B9CA-6388F9ACE9EC}"
EndProject
Project("{F2A71F9B-5D33-465A-A702-920D77279786}") = "Day6", "Day6\Day6.fsproj", "{FB419051-5EE8-48F8-87C9-64483566220D}"
EndProject
Project("{F2A71F9B-5D33-465A-A702-920D77279786}") = "Day7", "Day7\Day7.fsproj", "{BAFE7DDB-9342-4091-AC81-1B28B074AC8A}"
EndProject
Project("{F2A71F9B-5D33-465A-A702-920D77279786}") = "Day8", "Day8\Day8.fsproj", "{E189F140-829E-4703-B1C4-468B10A199D7}"
EndProject
Global
	GlobalSection(SolutionConfigurationPlatforms) = preSolution
		Debug|Any CPU = Debug|Any CPU
		Release|Any CPU = Release|Any CPU
	EndGlobalSection
	GlobalSection(ProjectConfigurationPlatforms) = postSolution
		{3E7494B6-2DB3-47E0-A9FF-C71BF394526B}.Debug|Any CPU.ActiveCfg = Debug|Any CPU
		{3E7494B6-2DB3-47E0-A9FF-C71BF394526B}.Debug|Any CPU.Build.0 = Debug|Any CPU
		{3E7494B6-2DB3-47E0-A9FF-C71BF394526B}.Release|Any CPU.ActiveCfg = Release|Any CPU
		{3E7494B6-2DB3-47E0-A9FF-C71BF394526B}.Release|Any CPU.Build.0 = Release|Any CPU
		{54D3F92D-4C80-4401-99C6-D5D918F19E23}.Debug|Any CPU.ActiveCfg = Debug|Any CPU
		{54D3F92D-4C80-4401-99C6-D5D918F19E23}.Debug|Any CPU.Build.0 = Debug|Any CPU
		{54D3F92D-4C80-4401-99C6-D5D918F19E23}.Release|Any CPU.ActiveCfg = Release|Any CPU
		{54D3F92D-4C80-4401-99C6-D5D918F19E23}.Release|Any CPU.Build.0 = Release|Any CPU
		{2CC26D9C-1350-4F09-967B-A929F147CAC7}.Debug|Any CPU.ActiveCfg = Debug|Any CPU
		{2CC26D9C-1350-4F09-967B-A929F147CAC7}.Debug|Any CPU.Build.0 = Debug|Any CPU
		{2CC26D9C-1350-4F09-967B-A929F147CAC7}.Release|Any CPU.ActiveCfg = Release|Any CPU
		{2CC26D9C-1350-4F09-967B-A929F147CAC7}.Release|Any CPU.Build.0 = Release|Any CPU
		{B573679C-0903-472E-8790-42F21B21D087}.Debug|Any CPU.ActiveCfg = Debug|Any CPU
		{B573679C-0903-472E-8790-42F21B21D087}.Debug|Any CPU.Build.0 = Debug|Any CPU
		{B573679C-0903-472E-8790-42F21B21D087}.Release|Any CPU.ActiveCfg = Release|Any CPU
		{B573679C-0903-472E-8790-42F21B21D087}.Release|Any CPU.Build.0 = Release|Any CPU
		{A937317E-C41A-4F6D-B7B3-F48044EC27FA}.Debug|Any CPU.ActiveCfg = Debug|Any CPU
		{A937317E-C41A-4F6D-B7B3-F48044EC27FA}.Debug|Any CPU.Build.0 = Debug|Any CPU
		{A937317E-C41A-4F6D-B7B3-F48044EC27FA}.Release|Any CPU.ActiveCfg = Release|Any CPU
		{A937317E-C41A-4F6D-B7B3-F48044EC27FA}.Release|Any CPU.Build.0 = Release|Any CPU
		{BFF488E6-F779-46C6-B9CA-6388F9ACE9EC}.Debug|Any CPU.ActiveCfg = Debug|Any CPU
		{BFF488E6-F779-46C6-B9CA-6388F9ACE9EC}.Debug|Any CPU.Build.0 = Debug|Any CPU
		{BFF488E6-F779-46C6-B9CA-6388F9ACE9EC}.Release|Any CPU.ActiveCfg = Release|Any CPU
		{BFF488E6-F779-46C6-B9CA-6388F9ACE9EC}.Release|Any CPU.Build.0 = Release|Any CPU
		{FB419051-5EE8-48F8-87C9-64483566220D}.Debug|Any CPU.ActiveCfg = Debug|Any CPU
		{FB419051-5EE8-48F8-87C9-64483566220D}.Debug|Any CPU.Build.0 = Debug|Any CPU
		{FB419051-5EE8-48F8-87C9-64483566220D}.Release|Any CPU.ActiveCfg = Release|Any CPU
		{FB419051-5EE8-48F8-87C9-64483566220D}.Release|Any CPU.Build.0 = Release|Any CPU
		{BAFE7DDB-9342-4091-AC81-1B28B074AC8A}.Debug|Any CPU.ActiveCfg = Debug|Any CPU
		{BAFE7DDB-9342-4091-AC81-1B28B074AC8A}.Debug|Any CPU.Build.0 = Debug|Any CPU
		{BAFE7DDB-9342-4091-AC81-1B28B074AC8A}.Release|Any CPU.ActiveCfg = Release|Any CPU
		{BAFE7DDB-9342-4091-AC81-1B28B074AC8A}.Release|Any CPU.Build.0 = Release|Any CPU
		{E189F140-829E-4703-B1C4-468B10A199D7}.Debug|Any CPU.ActiveCfg = Debug|Any CPU
		{E189F140-829E-4703-B1C4-468B10A199D7}.Debug|Any CPU.Build.0 = Debug|Any CPU
		{E189F140-829E-4703-B1C4-468B10A199D7}.Release|Any CPU.ActiveCfg = Release|Any CPU
		{E189F140-829E-4703-B1C4-468B10A199D7}.Release|Any CPU.Build.0 = Release|Any CPU
	EndGlobalSection
EndGlobal
